{
  "nodes": {
    "catppuccin": {
      "locked": {
        "lastModified": 1713552048,
        "narHash": "sha256-RcDJNnxjG9MTQHV/yG7JwPzffFub0JrwP2C1m6LxWFc=",
        "owner": "catppuccin",
        "repo": "nix",
        "rev": "29bd8a3bda02434bf6ee3edf9ea6edd360a9ce17",
        "type": "github"
      },
      "original": {
        "owner": "catppuccin",
        "repo": "nix",
        "type": "github"
      }
    },
    "home-manager": {
      "inputs": {
        "nixpkgs": [
          "nixpkgs"
        ]
      },
      "locked": {
        "lastModified": 1713566308,
        "narHash": "sha256-7Y91t8pheIzjJveUMAPyeh5NOq5F49Nq4Hl2532QpJs=",
        "owner": "nix-community",
        "repo": "home-manager",
        "rev": "057117a401a34259c9615ce62218aea7afdee4d3",
        "type": "github"
      },
      "original": {
        "owner": "nix-community",
        "repo": "home-manager",
        "type": "github"
      }
    },
    "nixpkgs": {
      "locked": {
        "lastModified": 1713537308,
        "narHash": "sha256-XtTSSIB2DA6tOv+l0FhvfDMiyCmhoRbNB+0SeInZkbk=",
        "owner": "nixos",
        "repo": "nixpkgs",
        "rev": "5c24cf2f0a12ad855f444c30b2421d044120c66f",
        "type": "github"
      },
      "original": {
        "owner": "nixos",
        "ref": "nixos-unstable",
        "repo": "nixpkgs",
        "type": "github"
      }
    },
    "nur": {
      "locked": {
        "lastModified": 1713601859,
        "narHash": "sha256-1N+I4+UoasNJtDGwXT56JMbJHj+l39Rp1gqmSGJ7bgU=",
        "owner": "nix-community",
        "repo": "NUR",
        "rev": "7ac3be9d0dd057f8ecf45463776bcccac1e2262e",
        "type": "github"
      },
      "original": {
        "owner": "nix-community",
        "repo": "NUR",
        "type": "github"
      }
    },
    "root": {
      "inputs": {
        "catppuccin": "catppuccin",
        "home-manager": "home-manager",
        "nixpkgs": "nixpkgs",
        "nur": "nur"
      }
    }
  },
  "root": "root",
  "version": 7
}
